
Microsoft Visual Studio Solution File, Format Version 12.00
# Visual Studio Version 17
VisualStudioVersion = 17.8.34525.116
MinimumVisualStudioVersion = 10.0.40219.1
Project("{9A19103F-16F7-4668-BE54-9A1E7A4F7556}") = "TrackingTasks", "TrackingTasks\TrackingTasks.csproj", "{43C94ACD-469F-4A6F-B990-AD0E5915FBF4}"
EndProject
Project("{FAE04EC0-301F-11D3-BF4B-00C04F79EFBC}") = "TrackingTasks.Tests", "TrackingTasks.Tests\TrackingTasks.Tests.csproj", "{9B34096B-CEC9-4622-8CA7-16D2FCCC53C9}"
EndProject
Global
	GlobalSection(SolutionConfigurationPlatforms) = preSolution
		Debug|Any CPU = Debug|Any CPU
		Release|Any CPU = Release|Any CPU
	EndGlobalSection
	GlobalSection(ProjectConfigurationPlatforms) = postSolution
		{43C94ACD-469F-4A6F-B990-AD0E5915FBF4}.Debug|Any CPU.ActiveCfg = Debug|Any CPU
		{43C94ACD-469F-4A6F-B990-AD0E5915FBF4}.Debug|Any CPU.Build.0 = Debug|Any CPU
		{43C94ACD-469F-4A6F-B990-AD0E5915FBF4}.Release|Any CPU.ActiveCfg = Release|Any CPU
		{43C94ACD-469F-4A6F-B990-AD0E5915FBF4}.Release|Any CPU.Build.0 = Release|Any CPU
		{9B34096B-CEC9-4622-8CA7-16D2FCCC53C9}.Debug|Any CPU.ActiveCfg = Debug|Any CPU
		{9B34096B-CEC9-4622-8CA7-16D2FCCC53C9}.Debug|Any CPU.Build.0 = Debug|Any CPU
		{9B34096B-CEC9-4622-8CA7-16D2FCCC53C9}.Release|Any CPU.ActiveCfg = Release|Any CPU
		{9B34096B-CEC9-4622-8CA7-16D2FCCC53C9}.Release|Any CPU.Build.0 = Release|Any CPU
	EndGlobalSection
	GlobalSection(SolutionProperties) = preSolution
		HideSolutionNode = FALSE
	EndGlobalSection
	GlobalSection(ExtensibilityGlobals) = postSolution
		SolutionGuid = {12246737-1CBA-4E27-9B6B-ABB42C113C29}
	EndGlobalSection
EndGlobal
